
Microsoft Visual Studio Solution File, Format Version 12.00
Project("{2150E333-8FDC-42A3-9474-1A3956D46DE8}") = "EventSourcing", "EventSourcing", "{8318F54C-CB81-4F0A-B3D1-B753F3CFA122}"
EndProject
Project("{FAE04EC0-301F-11D3-BF4B-00C04F79EFBC}") = "EzDomain.EventSourcing", "EventSourcing\EzDomain.EventSourcing\EzDomain.EventSourcing.csproj", "{0B8B3286-2619-4A6A-853E-DE3B22CCEA6C}"
EndProject
Project("{FAE04EC0-301F-11D3-BF4B-00C04F79EFBC}") = "EzDomain.EventSourcing.Tests.UnitTests", "EventSourcing\EzDomain.EventSourcing.Tests.UnitTests\EzDomain.EventSourcing.Tests.UnitTests.csproj", "{A412B129-AA43-4302-B3AC-1BA4686FBADF}"
EndProject
Project("{FAE04EC0-301F-11D3-BF4B-00C04F79EFBC}") = "EzDomain.EventSourcing.EventStores.Azure.TableStorage", "EventSourcing\EzDomain.EventSourcing.EventStores.Azure.TableStorage\EzDomain.EventSourcing.EventStores.Azure.TableStorage.csproj", "{525944D2-1AD8-4E9A-874A-2B4EE8A47B2A}"
EndProject
Project("{FAE04EC0-301F-11D3-BF4B-00C04F79EFBC}") = "EzDomain.EventSourcing.EventStores.Azure.TableStorage.Tests.IntegrationTests", "EventSourcing\EzDomain.EventSourcing.EventStores.Azure.TableStorage.Tests.IntegrationTests\EzDomain.EventSourcing.EventStores.Azure.TableStorage.Tests.IntegrationTests.csproj", "{1A1A4882-4142-4D0E-9323-F3C9A6E833D5}"
EndProject
Project("{FAE04EC0-301F-11D3-BF4B-00C04F79EFBC}") = "EzDomain.EventSourcing.EventStores.Azure.TableStorage.Tests.UnitTests", "EventSourcing\EzDomain.EventSourcing.EventStores.Azure.TableStorage.Tests.UnitTests\EzDomain.EventSourcing.EventStores.Azure.TableStorage.Tests.UnitTests.csproj", "{594E6F26-8039-43BD-B27B-2FAB1DD36648}"
EndProject
Project("{FAE04EC0-301F-11D3-BF4B-00C04F79EFBC}") = "EzDomain.EventSourcing.EventStores.MongoDbEventStore", "EventSourcing\EzDomain.EventSourcing.EventStores.MongoDbEventStore\EzDomain.EventSourcing.EventStores.MongoDbEventStore.csproj", "{11DFB65C-7D59-4B05-BE50-23D559A166BC}"
EndProject
Global
	GlobalSection(SolutionConfigurationPlatforms) = preSolution
		Debug|Any CPU = Debug|Any CPU
		Release|Any CPU = Release|Any CPU
	EndGlobalSection
	GlobalSection(NestedProjects) = preSolution
		{0B8B3286-2619-4A6A-853E-DE3B22CCEA6C} = {8318F54C-CB81-4F0A-B3D1-B753F3CFA122}
		{A412B129-AA43-4302-B3AC-1BA4686FBADF} = {8318F54C-CB81-4F0A-B3D1-B753F3CFA122}
		{525944D2-1AD8-4E9A-874A-2B4EE8A47B2A} = {8318F54C-CB81-4F0A-B3D1-B753F3CFA122}
		{1A1A4882-4142-4D0E-9323-F3C9A6E833D5} = {8318F54C-CB81-4F0A-B3D1-B753F3CFA122}
		{594E6F26-8039-43BD-B27B-2FAB1DD36648} = {8318F54C-CB81-4F0A-B3D1-B753F3CFA122}
		{11DFB65C-7D59-4B05-BE50-23D559A166BC} = {8318F54C-CB81-4F0A-B3D1-B753F3CFA122}
	EndGlobalSection
	GlobalSection(ProjectConfigurationPlatforms) = postSolution
		{0B8B3286-2619-4A6A-853E-DE3B22CCEA6C}.Debug|Any CPU.ActiveCfg = Debug|Any CPU
		{0B8B3286-2619-4A6A-853E-DE3B22CCEA6C}.Debug|Any CPU.Build.0 = Debug|Any CPU
		{0B8B3286-2619-4A6A-853E-DE3B22CCEA6C}.Release|Any CPU.ActiveCfg = Release|Any CPU
		{0B8B3286-2619-4A6A-853E-DE3B22CCEA6C}.Release|Any CPU.Build.0 = Release|Any CPU
		{0B8B3286-2619-4A6A-853E-DE3B22CCEA6C}.Release|Any CPU.Deploy.0 = Release|Any CPU
		{A412B129-AA43-4302-B3AC-1BA4686FBADF}.Debug|Any CPU.ActiveCfg = Debug|Any CPU
		{A412B129-AA43-4302-B3AC-1BA4686FBADF}.Debug|Any CPU.Build.0 = Debug|Any CPU
		{A412B129-AA43-4302-B3AC-1BA4686FBADF}.Release|Any CPU.ActiveCfg = Release|Any CPU
		{A412B129-AA43-4302-B3AC-1BA4686FBADF}.Release|Any CPU.Build.0 = Release|Any CPU
		{525944D2-1AD8-4E9A-874A-2B4EE8A47B2A}.Debug|Any CPU.ActiveCfg = Debug|Any CPU
		{525944D2-1AD8-4E9A-874A-2B4EE8A47B2A}.Debug|Any CPU.Build.0 = Debug|Any CPU
		{525944D2-1AD8-4E9A-874A-2B4EE8A47B2A}.Release|Any CPU.ActiveCfg = Release|Any CPU
		{525944D2-1AD8-4E9A-874A-2B4EE8A47B2A}.Release|Any CPU.Build.0 = Release|Any CPU
		{1A1A4882-4142-4D0E-9323-F3C9A6E833D5}.Debug|Any CPU.ActiveCfg = Debug|Any CPU
		{1A1A4882-4142-4D0E-9323-F3C9A6E833D5}.Debug|Any CPU.Build.0 = Debug|Any CPU
		{1A1A4882-4142-4D0E-9323-F3C9A6E833D5}.Release|Any CPU.ActiveCfg = Release|Any CPU
		{1A1A4882-4142-4D0E-9323-F3C9A6E833D5}.Release|Any CPU.Build.0 = Release|Any CPU
		{594E6F26-8039-43BD-B27B-2FAB1DD36648}.Debug|Any CPU.ActiveCfg = Debug|Any CPU
		{594E6F26-8039-43BD-B27B-2FAB1DD36648}.Debug|Any CPU.Build.0 = Debug|Any CPU
		{594E6F26-8039-43BD-B27B-2FAB1DD36648}.Release|Any CPU.ActiveCfg = Release|Any CPU
		{594E6F26-8039-43BD-B27B-2FAB1DD36648}.Release|Any CPU.Build.0 = Release|Any CPU
		{11DFB65C-7D59-4B05-BE50-23D559A166BC}.Debug|Any CPU.ActiveCfg = Debug|Any CPU
		{11DFB65C-7D59-4B05-BE50-23D559A166BC}.Debug|Any CPU.Build.0 = Debug|Any CPU
		{11DFB65C-7D59-4B05-BE50-23D559A166BC}.Release|Any CPU.ActiveCfg = Release|Any CPU
		{11DFB65C-7D59-4B05-BE50-23D559A166BC}.Release|Any CPU.Build.0 = Release|Any CPU
	EndGlobalSection
EndGlobal
